
Microsoft Visual Studio Solution File, Format Version 12.00
# Visual Studio Version 17
VisualStudioVersion = 17.14.36623.8 d17.14
MinimumVisualStudioVersion = 10.0.40219.1
Project("{FAE04EC0-301F-11D3-BF4B-00C04F79EFBC}") = "BibliotecaCampus", "BibliotecaCampus\BibliotecaCampus.csproj", "{C1813C6A-A03F-4FBC-A450-DCAA6301820F}"
EndProject
Global
	GlobalSection(SolutionConfigurationPlatforms) = preSolution
		Debug|Any CPU = Debug|Any CPU
		Release|Any CPU = Release|Any CPU
	EndGlobalSection
	GlobalSection(ProjectConfigurationPlatforms) = postSolution
		{C1813C6A-A03F-4FBC-A450-DCAA6301820F}.Debug|Any CPU.ActiveCfg = Debug|Any CPU
		{C1813C6A-A03F-4FBC-A450-DCAA6301820F}.Debug|Any CPU.Build.0 = Debug|Any CPU
		{C1813C6A-A03F-4FBC-A450-DCAA6301820F}.Release|Any CPU.ActiveCfg = Release|Any CPU
		{C1813C6A-A03F-4FBC-A450-DCAA6301820F}.Release|Any CPU.Build.0 = Release|Any CPU
	EndGlobalSection
	GlobalSection(SolutionProperties) = preSolution
		HideSolutionNode = FALSE
	EndGlobalSection
	GlobalSection(ExtensibilityGlobals) = postSolution
		SolutionGuid = {96BBB8EF-74ED-4BC5-8FCB-90FE43BCDCA1}
	EndGlobalSection
EndGlobal
